// !$*UTF8*$!
{
	archiveVersion = 1;
	classes = {
	};
	objectVersion = 56;
	objects = {

/* Begin PBXBuildFile section */
		0E545B0E2C0F07FE00798464 /* tavlaApp.swift in Sources */ = {isa = PBXBuildFile; fileRef = 0E545B0D2C0F07FE00798464 /* tavlaApp.swift */; };
		0E545B102C0F07FE00798464 /* ContentView.swift in Sources */ = {isa = PBXBuildFile; fileRef = 0E545B0F2C0F07FE00798464 /* ContentView.swift */; };
		0E545B122C0F07FF00798464 /* Assets.xcassets in Resources */ = {isa = PBXBuildFile; fileRef = 0E545B112C0F07FF00798464 /* Assets.xcassets */; };
		0E545B152C0F07FF00798464 /* Preview Assets.xcassets in Resources */ = {isa = PBXBuildFile; fileRef = 0E545B142C0F07FF00798464 /* Preview Assets.xcassets */; };
		0E545B1F2C0F080000798464 /* tavlaTests.swift in Sources */ = {isa = PBXBuildFile; fileRef = 0E545B1E2C0F080000798464 /* tavlaTests.swift */; };
		0E545B292C0F080000798464 /* tavlaUITests.swift in Sources */ = {isa = PBXBuildFile; fileRef = 0E545B282C0F080000798464 /* tavlaUITests.swift */; };
		0E545B2B2C0F080000798464 /* tavlaUITestsLaunchTests.swift in Sources */ = {isa = PBXBuildFile; fileRef = 0E545B2A2C0F080000798464 /* tavlaUITestsLaunchTests.swift */; };
/* End PBXBuildFile section */

/* Begin PBXContainerItemProxy section */
		0E545B1B2C0F080000798464 /* PBXContainerItemProxy */ = {
			isa = PBXContainerItemProxy;
			containerPortal = 0E545B022C0F07FE00798464 /* Project object */;
			proxyType = 1;
			remoteGlobalIDString = 0E545B092C0F07FE00798464;
			remoteInfo = tavla;
		};
		0E545B252C0F080000798464 /* PBXContainerItemProxy */ = {
			isa = PBXContainerItemProxy;
			containerPortal = 0E545B022C0F07FE00798464 /* Project object */;
			proxyType = 1;
			remoteGlobalIDString = 0E545B092C0F07FE00798464;
			remoteInfo = tavla;
		};
/* End PBXContainerItemProxy section */

/* Begin PBXFileReference section */
		0E545B0A2C0F07FE00798464 /* tavla.app */ = {isa = PBXFileReference; explicitFileType = wrapper.application; includeInIndex = 0; path = tavla.app; sourceTree = BUILT_PRODUCTS_DIR; };
		0E545B0D2C0F07FE00798464 /* tavlaApp.swift */ = {isa = PBXFileReference; lastKnownFileType = sourcecode.swift; path = tavlaApp.swift; sourceTree = "<group>"; };
		0E545B0F2C0F07FE00798464 /* ContentView.swift */ = {isa = PBXFileReference; lastKnownFileType = sourcecode.swift; path = ContentView.swift; sourceTree = "<group>"; };
		0E545B112C0F07FF00798464 /* Assets.xcassets */ = {isa = PBXFileReference; lastKnownFileType = folder.assetcatalog; path = Assets.xcassets; sourceTree = "<group>"; };
		0E545B142C0F07FF00798464 /* Preview Assets.xcassets */ = {isa = PBXFileReference; lastKnownFileType = folder.assetcatalog; path = "Preview Assets.xcassets"; sourceTree = "<group>"; };
		0E545B1A2C0F080000798464 /* tavlaTests.xctest */ = {isa = PBXFileReference; explicitFileType = wrapper.cfbundle; includeInIndex = 0; path = tavlaTests.xctest; sourceTree = BUILT_PRODUCTS_DIR; };
		0E545B1E2C0F080000798464 /* tavlaTests.swift */ = {isa = PBXFileReference; lastKnownFileType = sourcecode.swift; path = tavlaTests.swift; sourceTree = "<group>"; };
		0E545B242C0F080000798464 /* tavlaUITests.xctest */ = {isa = PBXFileReference; explicitFileType = wrapper.cfbundle; includeInIndex = 0; path = tavlaUITests.xctest; sourceTree = BUILT_PRODUCTS_DIR; };
		0E545B282C0F080000798464 /* tavlaUITests.swift */ = {isa = PBXFileReference; lastKnownFileType = sourcecode.swift; path = tavlaUITests.swift; sourceTree = "<group>"; };
		0E545B2A2C0F080000798464 /* tavlaUITestsLaunchTests.swift */ = {isa = PBXFileReference; lastKnownFileType = sourcecode.swift; path = tavlaUITestsLaunchTests.swift; sourceTree = "<group>"; };
/* End PBXFileReference section */

/* Begin PBXFrameworksBuildPhase section */
		0E545B072C0F07FE00798464 /* Frameworks */ = {
			isa = PBXFrameworksBuildPhase;
			buildActionMask = 2147483647;
			files = (
			);
			runOnlyForDeploymentPostprocessing = 0;
		};
		0E545B172C0F080000798464 /* Frameworks */ = {
			isa = PBXFrameworksBuildPhase;
			buildActionMask = 2147483647;
			files = (
			);
			runOnlyForDeploymentPostprocessing = 0;
		};
		0E545B212C0F080000798464 /* Frameworks */ = {
			isa = PBXFrameworksBuildPhase;
			buildActionMask = 2147483647;
			files = (
			);
			runOnlyForDeploymentPostprocessing = 0;
		};
/* End PBXFrameworksBuildPhase section */

/* Begin PBXGroup section */
		0E545B012C0F07FE00798464 = {
			isa = PBXGroup;
			children = (
				0E545B0C2C0F07FE00798464 /* tavla */,
				0E545B1D2C0F080000798464 /* tavlaTests */,
				0E545B272C0F080000798464 /* tavlaUITests */,
				0E545B0B2C0F07FE00798464 /* Products */,
			);
			sourceTree = "<group>";
		};
		0E545B0B2C0F07FE00798464 /* Products */ = {
			isa = PBXGroup;
			children = (
				0E545B0A2C0F07FE00798464 /* tavla.app */,
				0E545B1A2C0F080000798464 /* tavlaTests.xctest */,
				0E545B242C0F080000798464 /* tavlaUITests.xctest */,
			);
			name = Products;
			sourceTree = "<group>";
		};
		0E545B0C2C0F07FE00798464 /* tavla */ = {
			isa = PBXGroup;
			children = (
				0E545B0D2C0F07FE00798464 /* tavlaApp.swift */,
				0E545B0F2C0F07FE00798464 /* ContentView.swift */,
				0E545B112C0F07FF00798464 /* Assets.xcassets */,
				0E545B132C0F07FF00798464 /* Preview Content */,
			);
			path = tavla;
			sourceTree = "<group>";
		};
		0E545B132C0F07FF00798464 /* Preview Content */ = {
			isa = PBXGroup;
			children = (
				0E545B142C0F07FF00798464 /* Preview Assets.xcassets */,
			);
			path = "Preview Content";
			sourceTree = "<group>";
		};
		0E545B1D2C0F080000798464 /* tavlaTests */ = {
			isa = PBXGroup;
			children = (
				0E545B1E2C0F080000798464 /* tavlaTests.swift */,
			);
			path = tavlaTests;
			sourceTree = "<group>";
		};
		0E545B272C0F080000798464 /* tavlaUITests */ = {
			isa = PBXGroup;
			children = (
				0E545B282C0F080000798464 /* tavlaUITests.swift */,
				0E545B2A2C0F080000798464 /* tavlaUITestsLaunchTests.swift */,
			);
			path = tavlaUITests;
			sourceTree = "<group>";
		};
/* End PBXGroup section */

/* Begin PBXNativeTarget section */
		0E545B092C0F07FE00798464 /* tavla */ = {
			isa = PBXNativeTarget;
			buildConfigurationList = 0E545B2E2C0F080000798464 /* Build configuration list for PBXNativeTarget "tavla" */;
			buildPhases = (
				0E545B062C0F07FE00798464 /* Sources */,
				0E545B072C0F07FE00798464 /* Frameworks */,
				0E545B082C0F07FE00798464 /* Resources */,
			);
			buildRules = (
			);
			dependencies = (
			);
			name = tavla;
			productName = tavla;
			productReference = 0E545B0A2C0F07FE00798464 /* tavla.app */;
			productType = "com.apple.product-type.application";
		};
		0E545B192C0F080000798464 /* tavlaTests */ = {
			isa = PBXNativeTarget;
			buildConfigurationList = 0E545B312C0F080000798464 /* Build configuration list for PBXNativeTarget "tavlaTests" */;
			buildPhases = (
				0E545B162C0F080000798464 /* Sources */,
				0E545B172C0F080000798464 /* Frameworks */,
				0E545B182C0F080000798464 /* Resources */,
			);
			buildRules = (
			);
			dependencies = (
				0E545B1C2C0F080000798464 /* PBXTargetDependency */,
			);
			name = tavlaTests;
			productName = tavlaTests;
			productReference = 0E545B1A2C0F080000798464 /* tavlaTests.xctest */;
			productType = "com.apple.product-type.bundle.unit-test";
		};
		0E545B232C0F080000798464 /* tavlaUITests */ = {
			isa = PBXNativeTarget;
			buildConfigurationList = 0E545B342C0F080000798464 /* Build configuration list for PBXNativeTarget "tavlaUITests" */;
			buildPhases = (
				0E545B202C0F080000798464 /* Sources */,
				0E545B212C0F080000798464 /* Frameworks */,
				0E545B222C0F080000798464 /* Resources */,
			);
			buildRules = (
			);
			dependencies = (
				0E545B262C0F080000798464 /* PBXTargetDependency */,
			);
			name = tavlaUITests;
			productName = tavlaUITests;
			productReference = 0E545B242C0F080000798464 /* tavlaUITests.xctest */;
			productType = "com.apple.product-type.bundle.ui-testing";
		};
/* End PBXNativeTarget section */

/* Begin PBXProject section */
		0E545B022C0F07FE00798464 /* Project object */ = {
			isa = PBXProject;
			attributes = {
				BuildIndependentTargetsInParallel = 1;
				LastSwiftUpdateCheck = 1530;
				LastUpgradeCheck = 1530;
				TargetAttributes = {
					0E545B092C0F07FE00798464 = {
						CreatedOnToolsVersion = 15.3;
					};
					0E545B192C0F080000798464 = {
						CreatedOnToolsVersion = 15.3;
						TestTargetID = 0E545B092C0F07FE00798464;
					};
					0E545B232C0F080000798464 = {
						CreatedOnToolsVersion = 15.3;
						TestTargetID = 0E545B092C0F07FE00798464;
					};
				};
			};
			buildConfigurationList = 0E545B052C0F07FE00798464 /* Build configuration list for PBXProject "tavla" */;
			compatibilityVersion = "Xcode 14.0";
			developmentRegion = en;
			hasScannedForEncodings = 0;
			knownRegions = (
				en,
				Base,
			);
			mainGroup = 0E545B012C0F07FE00798464;
			productRefGroup = 0E545B0B2C0F07FE00798464 /* Products */;
			projectDirPath = "";
			projectRoot = "";
			targets = (
				0E545B092C0F07FE00798464 /* tavla */,
				0E545B192C0F080000798464 /* tavlaTests */,
				0E545B232C0F080000798464 /* tavlaUITests */,
			);
		};
/* End PBXProject section */

/* Begin PBXResourcesBuildPhase section */
		0E545B082C0F07FE00798464 /* Resources */ = {
			isa = PBXResourcesBuildPhase;
			buildActionMask = 2147483647;
			files = (
				0E545B152C0F07FF00798464 /* Preview Assets.xcassets in Resources */,
				0E545B122C0F07FF00798464 /* Assets.xcassets in Resources */,
			);
			runOnlyForDeploymentPostprocessing = 0;
		};
		0E545B182C0F080000798464 /* Resources */ = {
			isa = PBXResourcesBuildPhase;
			buildActionMask = 2147483647;
			files = (
			);
			runOnlyForDeploymentPostprocessing = 0;
		};
		0E545B222C0F080000798464 /* Resources */ = {
			isa = PBXResourcesBuildPhase;
			buildActionMask = 2147483647;
			files = (
			);
			runOnlyForDeploymentPostprocessing = 0;
		};
/* End PBXResourcesBuildPhase section */

/* Begin PBXSourcesBuildPhase section */
		0E545B062C0F07FE00798464 /* Sources */ = {
			isa = PBXSourcesBuildPhase;
			buildActionMask = 2147483647;
			files = (
				0E545B102C0F07FE00798464 /* ContentView.swift in Sources */,
				0E545B0E2C0F07FE00798464 /* tavlaApp.swift in Sources */,
			);
			runOnlyForDeploymentPostprocessing = 0;
		};
		0E545B162C0F080000798464 /* Sources */ = {
			isa = PBXSourcesBuildPhase;
			buildActionMask = 2147483647;
			files = (
				0E545B1F2C0F080000798464 /* tavlaTests.swift in Sources */,
			);
			runOnlyForDeploymentPostprocessing = 0;
		};
		0E545B202C0F080000798464 /* Sources */ = {
			isa = PBXSourcesBuildPhase;
			buildActionMask = 2147483647;
			files = (
				0E545B292C0F080000798464 /* tavlaUITests.swift in Sources */,
				0E545B2B2C0F080000798464 /* tavlaUITestsLaunchTests.swift in Sources */,
			);
			runOnlyForDeploymentPostprocessing = 0;
		};
/* End PBXSourcesBuildPhase section */

/* Begin PBXTargetDependency section */
		0E545B1C2C0F080000798464 /* PBXTargetDependency */ = {
			isa = PBXTargetDependency;
			target = 0E545B092C0F07FE00798464 /* tavla */;
			targetProxy = 0E545B1B2C0F080000798464 /* PBXContainerItemProxy */;
		};
		0E545B262C0F080000798464 /* PBXTargetDependency */ = {
			isa = PBXTargetDependency;
			target = 0E545B092C0F07FE00798464 /* tavla */;
			targetProxy = 0E545B252C0F080000798464 /* PBXContainerItemProxy */;
		};
/* End PBXTargetDependency section */

/* Begin XCBuildConfiguration section */
		0E545B2C2C0F080000798464 /* Debug */ = {
			isa = XCBuildConfiguration;
			buildSettings = {
				ALWAYS_SEARCH_USER_PATHS = NO;
				ASSETCATALOG_COMPILER_GENERATE_SWIFT_ASSET_SYMBOL_EXTENSIONS = YES;
				CLANG_ANALYZER_NONNULL = YES;
				CLANG_ANALYZER_NUMBER_OBJECT_CONVERSION = YES_AGGRESSIVE;
				CLANG_CXX_LANGUAGE_STANDARD = "gnu++20";
				CLANG_ENABLE_MODULES = YES;
				CLANG_ENABLE_OBJC_ARC = YES;
				CLANG_ENABLE_OBJC_WEAK = YES;
				CLANG_WARN_BLOCK_CAPTURE_AUTORELEASING = YES;
				CLANG_WARN_BOOL_CONVERSION = YES;
				CLANG_WARN_COMMA = YES;
				CLANG_WARN_CONSTANT_CONVERSION = YES;
				CLANG_WARN_DEPRECATED_OBJC_IMPLEMENTATIONS = YES;
				CLANG_WARN_DIRECT_OBJC_ISA_USAGE = YES_ERROR;
				CLANG_WARN_DOCUMENTATION_COMMENTS = YES;
				CLANG_WARN_EMPTY_BODY = YES;
				CLANG_WARN_ENUM_CONVERSION = YES;
				CLANG_WARN_INFINITE_RECURSION = YES;
				CLANG_WARN_INT_CONVERSION = YES;
				CLANG_WARN_NON_LITERAL_NULL_CONVERSION = YES;
				CLANG_WARN_OBJC_IMPLICIT_RETAIN_SELF = YES;
				CLANG_WARN_OBJC_LITERAL_CONVERSION = YES;
				CLANG_WARN_OBJC_ROOT_CLASS = YES_ERROR;
				CLANG_WARN_QUOTED_INCLUDE_IN_FRAMEWORK_HEADER = YES;
				CLANG_WARN_RANGE_LOOP_ANALYSIS = YES;
				CLANG_WARN_STRICT_PROTOTYPES = YES;
				CLANG_WARN_SUSPICIOUS_MOVE = YES;
				CLANG_WARN_UNGUARDED_AVAILABILITY = YES_AGGRESSIVE;
				CLANG_WARN_UNREACHABLE_CODE = YES;
				CLANG_WARN__DUPLICATE_METHOD_MATCH = YES;
				COPY_PHASE_STRIP = NO;
				DEBUG_INFORMATION_FORMAT = dwarf;
				ENABLE_STRICT_OBJC_MSGSEND = YES;
				ENABLE_TESTABILITY = YES;
				ENABLE_USER_SCRIPT_SANDBOXING = YES;
				GCC_C_LANGUAGE_STANDARD = gnu17;
				GCC_DYNAMIC_NO_PIC = NO;
				GCC_NO_COMMON_BLOCKS = YES;
				GCC_OPTIMIZATION_LEVEL = 0;
				GCC_PREPROCESSOR_DEFINITIONS = (
					"DEBUG=1",
					"$(inherited)",
				);
				GCC_WARN_64_TO_32_BIT_CONVERSION = YES;
				GCC_WARN_ABOUT_RETURN_TYPE = YES_ERROR;
				GCC_WARN_UNDECLARED_SELECTOR = YES;
				GCC_WARN_UNINITIALIZED_AUTOS = YES_AGGRESSIVE;
				GCC_WARN_UNUSED_FUNCTION = YES;
				GCC_WARN_UNUSED_VARIABLE = YES;
				IPHONEOS_DEPLOYMENT_TARGET = 17.4;
				LOCALIZATION_PREFERS_STRING_CATALOGS = YES;
				MTL_ENABLE_DEBUG_INFO = INCLUDE_SOURCE;
				MTL_FAST_MATH = YES;
				ONLY_ACTIVE_ARCH = YES;
				SDKROOT = iphoneos;
				SWIFT_ACTIVE_COMPILATION_CONDITIONS = "DEBUG $(inherited)";
				SWIFT_OPTIMIZATION_LEVEL = "-Onone";
			};
			name = Debug;
		};
		0E545B2D2C0F080000798464 /* Release */ = {
			isa = XCBuildConfiguration;
			buildSettings = {
				ALWAYS_SEARCH_USER_PATHS = NO;
				ASSETCATALOG_COMPILER_GENERATE_SWIFT_ASSET_SYMBOL_EXTENSIONS = YES;
				CLANG_ANALYZER_NONNULL = YES;
				CLANG_ANALYZER_NUMBER_OBJECT_CONVERSION = YES_AGGRESSIVE;
				CLANG_CXX_LANGUAGE_STANDARD = "gnu++20";
				CLANG_ENABLE_MODULES = YES;
				CLANG_ENABLE_OBJC_ARC = YES;
				CLANG_ENABLE_OBJC_WEAK = YES;
				CLANG_WARN_BLOCK_CAPTURE_AUTORELEASING = YES;
				CLANG_WARN_BOOL_CONVERSION = YES;
				CLANG_WARN_COMMA = YES;
				CLANG_WARN_CONSTANT_CONVERSION = YES;
				CLANG_WARN_DEPRECATED_OBJC_IMPLEMENTATIONS = YES;
				CLANG_WARN_DIRECT_OBJC_ISA_USAGE = YES_ERROR;
				CLANG_WARN_DOCUMENTATION_COMMENTS = YES;
				CLANG_WARN_EMPTY_BODY = YES;
				CLANG_WARN_ENUM_CONVERSION = YES;
				CLANG_WARN_INFINITE_RECURSION = YES;
				CLANG_WARN_INT_CONVERSION = YES;
				CLANG_WARN_NON_LITERAL_NULL_CONVERSION = YES;
				CLANG_WARN_OBJC_IMPLICIT_RETAIN_SELF = YES;
				CLANG_WARN_OBJC_LITERAL_CONVERSION = YES;
				CLANG_WARN_OBJC_ROOT_CLASS = YES_ERROR;
				CLANG_WARN_QUOTED_INCLUDE_IN_FRAMEWORK_HEADER = YES;
				CLANG_WARN_RANGE_LOOP_ANALYSIS = YES;
				CLANG_WARN_STRICT_PROTOTYPES = YES;
				CLANG_WARN_SUSPICIOUS_MOVE = YES;
				CLANG_WARN_UNGUARDED_AVAILABILITY = YES_AGGRESSIVE;
				CLANG_WARN_UNREACHABLE_CODE = YES;
				CLANG_WARN__DUPLICATE_METHOD_MATCH = YES;
				COPY_PHASE_STRIP = NO;
				DEBUG_INFORMATION_FORMAT = "dwarf-with-dsym";
				ENABLE_NS_ASSERTIONS = NO;
				ENABLE_STRICT_OBJC_MSGSEND = YES;
				ENABLE_USER_SCRIPT_SANDBOXING = YES;
				GCC_C_LANGUAGE_STANDARD = gnu17;
				GCC_NO_COMMON_BLOCKS = YES;
				GCC_WARN_64_TO_32_BIT_CONVERSION = YES;
				GCC_WARN_ABOUT_RETURN_TYPE = YES_ERROR;
				GCC_WARN_UNDECLARED_SELECTOR = YES;
				GCC_WARN_UNINITIALIZED_AUTOS = YES_AGGRESSIVE;
				GCC_WARN_UNUSED_FUNCTION = YES;
				GCC_WARN_UNUSED_VARIABLE = YES;
				IPHONEOS_DEPLOYMENT_TARGET = 17.4;
				LOCALIZATION_PREFERS_STRING_CATALOGS = YES;
				MTL_ENABLE_DEBUG_INFO = NO;
				MTL_FAST_MATH = YES;
				SDKROOT = iphoneos;
				SWIFT_COMPILATION_MODE = wholemodule;
				VALIDATE_PRODUCT = YES;
			};
			name = Release;
		};
		0E545B2F2C0F080000798464 /* Debug */ = {
			isa = XCBuildConfiguration;
			buildSettings = {
				ASSETCATALOG_COMPILER_APPICON_NAME = AppIcon;
				ASSETCATALOG_COMPILER_GLOBAL_ACCENT_COLOR_NAME = AccentColor;
				CODE_SIGN_STYLE = Automatic;
				CURRENT_PROJECT_VERSION = 1;
				DEVELOPMENT_ASSET_PATHS = "\"tavla/Preview Content\"";
				DEVELOPMENT_TEAM = UYDW6AR77Y;
				ENABLE_PREVIEWS = YES;
				GENERATE_INFOPLIST_FILE = YES;
				INFOPLIST_KEY_UIApplicationSceneManifest_Generation = YES;
				INFOPLIST_KEY_UIApplicationSupportsIndirectInputEvents = YES;
				INFOPLIST_KEY_UILaunchScreen_Generation = YES;
				INFOPLIST_KEY_UISupportedInterfaceOrientations_iPad = "UIInterfaceOrientationPortrait UIInterfaceOrientationPortraitUpsideDown UIInterfaceOrientationLandscapeLeft UIInterfaceOrientationLandscapeRight";
				INFOPLIST_KEY_UISupportedInterfaceOrientations_iPhone = "UIInterfaceOrientationPortrait UIInterfaceOrientationLandscapeLeft UIInterfaceOrientationLandscapeRight";
				LD_RUNPATH_SEARCH_PATHS = (
					"$(inherited)",
					"@executable_path/Frameworks",
				);
				MARKETING_VERSION = 1.0;
				PRODUCT_BUNDLE_IDENTIFIER = deneme.tavla;
				PRODUCT_NAME = "$(TARGET_NAME)";
				SWIFT_EMIT_LOC_STRINGS = YES;
				SWIFT_VERSION = 5.0;
				TARGETED_DEVICE_FAMILY = "1,2";
			};
			name = Debug;
		};
		0E545B302C0F080000798464 /* Release */ = {
			isa = XCBuildConfiguration;
			buildSettings = {
				ASSETCATALOG_COMPILER_APPICON_NAME = AppIcon;
				ASSETCATALOG_COMPILER_GLOBAL_ACCENT_COLOR_NAME = AccentColor;
				CODE_SIGN_STYLE = Automatic;
				CURRENT_PROJECT_VERSION = 1;
				DEVELOPMENT_ASSET_PATHS = "\"tavla/Preview Content\"";
				DEVELOPMENT_TEAM = UYDW6AR77Y;
				ENABLE_PREVIEWS = YES;
				GENERATE_INFOPLIST_FILE = YES;
				INFOPLIST_KEY_UIApplicationSceneManifest_Generation = YES;
				INFOPLIST_KEY_UIApplicationSupportsIndirectInputEvents = YES;
				INFOPLIST_KEY_UILaunchScreen_Generation = YES;
				INFOPLIST_KEY_UISupportedInterfaceOrientations_iPad = "UIInterfaceOrientationPortrait UIInterfaceOrientationPortraitUpsideDown UIInterfaceOrientationLandscapeLeft UIInterfaceOrientationLandscapeRight";
				INFOPLIST_KEY_UISupportedInterfaceOrientations_iPhone = "UIInterfaceOrientationPortrait UIInterfaceOrientationLandscapeLeft UIInterfaceOrientationLandscapeRight";
				LD_RUNPATH_SEARCH_PATHS = (
					"$(inherited)",
					"@executable_path/Frameworks",
				);
				MARKETING_VERSION = 1.0;
				PRODUCT_BUNDLE_IDENTIFIER = deneme.tavla;
				PRODUCT_NAME = "$(TARGET_NAME)";
				SWIFT_EMIT_LOC_STRINGS = YES;
				SWIFT_VERSION = 5.0;
				TARGETED_DEVICE_FAMILY = "1,2";
			};
			name = Release;
		};
		0E545B322C0F080000798464 /* Debug */ = {
			isa = XCBuildConfiguration;
			buildSettings = {
				ALWAYS_EMBED_SWIFT_STANDARD_LIBRARIES = YES;
				BUNDLE_LOADER = "$(TEST_HOST)";
				CODE_SIGN_STYLE = Automatic;
				CURRENT_PROJECT_VERSION = 1;
				DEVELOPMENT_TEAM = UYDW6AR77Y;
				GENERATE_INFOPLIST_FILE = YES;
				IPHONEOS_DEPLOYMENT_TARGET = 17.4;
				MARKETING_VERSION = 1.0;
				PRODUCT_BUNDLE_IDENTIFIER = deneme.tavlaTests;
				PRODUCT_NAME = "$(TARGET_NAME)";
				SWIFT_EMIT_LOC_STRINGS = NO;
				SWIFT_VERSION = 5.0;
				TARGETED_DEVICE_FAMILY = "1,2";
				TEST_HOST = "$(BUILT_PRODUCTS_DIR)/tavla.app/$(BUNDLE_EXECUTABLE_FOLDER_PATH)/tavla";
			};
			name = Debug;
		};
		0E545B332C0F080000798464 /* Release */ = {
			isa = XCBuildConfiguration;
			buildSettings = {
				ALWAYS_EMBED_SWIFT_STANDARD_LIBRARIES = YES;
				BUNDLE_LOADER = "$(TEST_HOST)";
				CODE_SIGN_STYLE = Automatic;
				CURRENT_PROJECT_VERSION = 1;
				DEVELOPMENT_TEAM = UYDW6AR77Y;
				GENERATE_INFOPLIST_FILE = YES;
				IPHONEOS_DEPLOYMENT_TARGET = 17.4;
				MARKETING_VERSION = 1.0;
				PRODUCT_BUNDLE_IDENTIFIER = deneme.tavlaTests;
				PRODUCT_NAME = "$(TARGET_NAME)";
				SWIFT_EMIT_LOC_STRINGS = NO;
				SWIFT_VERSION = 5.0;
				TARGETED_DEVICE_FAMILY = "1,2";
				TEST_HOST = "$(BUILT_PRODUCTS_DIR)/tavla.app/$(BUNDLE_EXECUTABLE_FOLDER_PATH)/tavla";
			};
			name = Release;
		};
		0E545B352C0F080000798464 /* Debug */ = {
			isa = XCBuildConfiguration;
			buildSettings = {
				ALWAYS_EMBED_SWIFT_STANDARD_LIBRARIES = YES;
				CODE_SIGN_STYLE = Automatic;
				CURRENT_PROJECT_VERSION = 1;
				DEVELOPMENT_TEAM = UYDW6AR77Y;
				GENERATE_INFOPLIST_FILE = YES;
				MARKETING_VERSION = 1.0;
				PRODUCT_BUNDLE_IDENTIFIER = deneme.tavlaUITests;
				PRODUCT_NAME = "$(TARGET_NAME)";
				SWIFT_EMIT_LOC_STRINGS = NO;
				SWIFT_VERSION = 5.0;
				TARGETED_DEVICE_FAMILY = "1,2";
				TEST_TARGET_NAME = tavla;
			};
			name = Debug;
		};
		0E545B362C0F080000798464 /* Release */ = {
			isa = XCBuildConfiguration;
			buildSettings = {
				ALWAYS_EMBED_SWIFT_STANDARD_LIBRARIES = YES;
				CODE_SIGN_STYLE = Automatic;
				CURRENT_PROJECT_VERSION = 1;
				DEVELOPMENT_TEAM = UYDW6AR77Y;
				GENERATE_INFOPLIST_FILE = YES;
				MARKETING_VERSION = 1.0;
				PRODUCT_BUNDLE_IDENTIFIER = deneme.tavlaUITests;
				PRODUCT_NAME = "$(TARGET_NAME)";
				SWIFT_EMIT_LOC_STRINGS = NO;
				SWIFT_VERSION = 5.0;
				TARGETED_DEVICE_FAMILY = "1,2";
				TEST_TARGET_NAME = tavla;
			};
			name = Release;
		};
/* End XCBuildConfiguration section */

/* Begin XCConfigurationList section */
		0E545B052C0F07FE00798464 /* Build configuration list for PBXProject "tavla" */ = {
			isa = XCConfigurationList;
			buildConfigurations = (
				0E545B2C2C0F080000798464 /* Debug */,
				0E545B2D2C0F080000798464 /* Release */,
			);
			defaultConfigurationIsVisible = 0;
			defaultConfigurationName = Release;
		};
		0E545B2E2C0F080000798464 /* Build configuration list for PBXNativeTarget "tavla" */ = {
			isa = XCConfigurationList;
			buildConfigurations = (
				0E545B2F2C0F080000798464 /* Debug */,
				0E545B302C0F080000798464 /* Release */,
			);
			defaultConfigurationIsVisible = 0;
			defaultConfigurationName = Release;
		};
		0E545B312C0F080000798464 /* Build configuration list for PBXNativeTarget "tavlaTests" */ = {
			isa = XCConfigurationList;
			buildConfigurations = (
				0E545B322C0F080000798464 /* Debug */,
				0E545B332C0F080000798464 /* Release */,
			);
			defaultConfigurationIsVisible = 0;
			defaultConfigurationName = Release;
		};
		0E545B342C0F080000798464 /* Build configuration list for PBXNativeTarget "tavlaUITests" */ = {
			isa = XCConfigurationList;
			buildConfigurations = (
				0E545B352C0F080000798464 /* Debug */,
				0E545B362C0F080000798464 /* Release */,
			);
			defaultConfigurationIsVisible = 0;
			defaultConfigurationName = Release;
		};
/* End XCConfigurationList section */
	};
	rootObject = 0E545B022C0F07FE00798464 /* Project object */;
}
